
Microsoft Visual Studio Solution File, Format Version 11.00
# Visual Studio 2010
Project("{FAE04EC0-301F-11D3-BF4B-00C04F79EFBC}") = "EcoManagement", "EcoManagement\EcoManagement.csproj", "{DFF38950-3554-4222-9576-285EC32C7BA8}"
EndProject
Project("{FAE04EC0-301F-11D3-BF4B-00C04F79EFBC}") = "BLL", "BLL\BLL.csproj", "{A18CA8FF-8705-4F15-B371-86F2E2C77F95}"
EndProject
Global
	GlobalSection(SolutionConfigurationPlatforms) = preSolution
		Debug|Any CPU = Debug|Any CPU
		Release|Any CPU = Release|Any CPU
	EndGlobalSection
	GlobalSection(ProjectConfigurationPlatforms) = postSolution
		{DFF38950-3554-4222-9576-285EC32C7BA8}.Debug|Any CPU.ActiveCfg = Debug|Any CPU
		{DFF38950-3554-4222-9576-285EC32C7BA8}.Debug|Any CPU.Build.0 = Debug|Any CPU
		{DFF38950-3554-4222-9576-285EC32C7BA8}.Release|Any CPU.ActiveCfg = Release|Any CPU
		{DFF38950-3554-4222-9576-285EC32C7BA8}.Release|Any CPU.Build.0 = Release|Any CPU
		{A18CA8FF-8705-4F15-B371-86F2E2C77F95}.Debug|Any CPU.ActiveCfg = Debug|Any CPU
		{A18CA8FF-8705-4F15-B371-86F2E2C77F95}.Debug|Any CPU.Build.0 = Debug|Any CPU
		{A18CA8FF-8705-4F15-B371-86F2E2C77F95}.Release|Any CPU.ActiveCfg = Release|Any CPU
		{A18CA8FF-8705-4F15-B371-86F2E2C77F95}.Release|Any CPU.Build.0 = Release|Any CPU
	EndGlobalSection
	GlobalSection(SolutionProperties) = preSolution
		HideSolutionNode = FALSE
	EndGlobalSection
EndGlobal
